
Microsoft Visual Studio Solution File, Format Version 12.00
# Visual Studio Version 17
VisualStudioVersion = 17.6.33723.286
MinimumVisualStudioVersion = 10.0.40219.1
Project("{9A19103F-16F7-4668-BE54-9A1E7A4F7556}") = "Exercices-bucles-y-condicionales", "Exercices-bucles-y-condicionales.csproj", "{FCB4FBBF-63A7-45B8-9BDF-97FA00DC7508}"
EndProject
Project("{2150E333-8FDC-42A3-9474-1A3956D46DE8}") = "Exercices", "Exercices", "{FDCF0956-CC54-4865-874A-02523B408C99}"
EndProject
Project("{FAE04EC0-301F-11D3-BF4B-00C04F79EFBC}") = "Ejercicios-con-Switch", "..\Ejercicios-con-Switch\Ejercicios-con-Switch.csproj", "{AD772295-ABCF-4B7F-A948-B8F7511EACA7}"
EndProject
Global
	GlobalSection(SolutionConfigurationPlatforms) = preSolution
		Debug|Any CPU = Debug|Any CPU
		Release|Any CPU = Release|Any CPU
	EndGlobalSection
	GlobalSection(ProjectConfigurationPlatforms) = postSolution
		{FCB4FBBF-63A7-45B8-9BDF-97FA00DC7508}.Debug|Any CPU.ActiveCfg = Debug|Any CPU
		{FCB4FBBF-63A7-45B8-9BDF-97FA00DC7508}.Debug|Any CPU.Build.0 = Debug|Any CPU
		{FCB4FBBF-63A7-45B8-9BDF-97FA00DC7508}.Release|Any CPU.ActiveCfg = Release|Any CPU
		{FCB4FBBF-63A7-45B8-9BDF-97FA00DC7508}.Release|Any CPU.Build.0 = Release|Any CPU
		{AD772295-ABCF-4B7F-A948-B8F7511EACA7}.Debug|Any CPU.ActiveCfg = Debug|Any CPU
		{AD772295-ABCF-4B7F-A948-B8F7511EACA7}.Debug|Any CPU.Build.0 = Debug|Any CPU
		{AD772295-ABCF-4B7F-A948-B8F7511EACA7}.Release|Any CPU.ActiveCfg = Release|Any CPU
		{AD772295-ABCF-4B7F-A948-B8F7511EACA7}.Release|Any CPU.Build.0 = Release|Any CPU
	EndGlobalSection
	GlobalSection(SolutionProperties) = preSolution
		HideSolutionNode = FALSE
	EndGlobalSection
	GlobalSection(NestedProjects) = preSolution
		{AD772295-ABCF-4B7F-A948-B8F7511EACA7} = {FDCF0956-CC54-4865-874A-02523B408C99}
	EndGlobalSection
	GlobalSection(ExtensibilityGlobals) = postSolution
		SolutionGuid = {AFAECD21-5523-4ED8-9D56-99E92B0568F8}
	EndGlobalSection
EndGlobal
